
Microsoft Visual Studio Solution File, Format Version 12.00
# Visual Studio 15
VisualStudioVersion = 15.0.26228.9
MinimumVisualStudioVersion = 10.0.40219.1
Project("{FAE04EC0-301F-11D3-BF4B-00C04F79EFBC}") = "DecodeSampleApp01", "DecodeSampleApp01\DecodeSampleApp01\DecodeSampleApp01.csproj", "{DE233DCF-462C-4CCA-9A6D-C08C0456CCA9}"
EndProject
Project("{FAE04EC0-301F-11D3-BF4B-00C04F79EFBC}") = "DecodeSampleApp01.Droid", "DecodeSampleApp01\DecodeSampleApp01.Droid\DecodeSampleApp01.Droid.csproj", "{318F040E-05DA-4697-8903-ED00E28005AA}"
EndProject
Project("{FAE04EC0-301F-11D3-BF4B-00C04F79EFBC}") = "DecodeSampleApp01.iOS", "DecodeSampleApp01\DecodeSampleApp01.iOS\DecodeSampleApp01.iOS.csproj", "{2D7CA5A8-BFDB-45A2-99B1-07A19BE7BE27}"
EndProject
Project("{FAE04EC0-301F-11D3-BF4B-00C04F79EFBC}") = "DecodeSampleApp01.UWP", "DecodeSampleApp01\DecodeSampleApp01.UWP\DecodeSampleApp01.UWP.csproj", "{90518DD3-D882-4F20-A4EF-5148193B2359}"
EndProject
Project("{FAE04EC0-301F-11D3-BF4B-00C04F79EFBC}") = "DecodeSampleApp01.UITest", "DecodeSampleApp01.UITest\DecodeSampleApp01.UITest.csproj", "{A524BD62-FBB3-42CA-B425-B2D79FC75355}"
EndProject
Global
	GlobalSection(SolutionConfigurationPlatforms) = preSolution
		Ad-Hoc|Any CPU = Ad-Hoc|Any CPU
		Ad-Hoc|ARM = Ad-Hoc|ARM
		Ad-Hoc|iPhone = Ad-Hoc|iPhone
		Ad-Hoc|iPhoneSimulator = Ad-Hoc|iPhoneSimulator
		Ad-Hoc|x64 = Ad-Hoc|x64
		Ad-Hoc|x86 = Ad-Hoc|x86
		AppStore|Any CPU = AppStore|Any CPU
		AppStore|ARM = AppStore|ARM
		AppStore|iPhone = AppStore|iPhone
		AppStore|iPhoneSimulator = AppStore|iPhoneSimulator
		AppStore|x64 = AppStore|x64
		AppStore|x86 = AppStore|x86
		Debug|Any CPU = Debug|Any CPU
		Debug|ARM = Debug|ARM
		Debug|iPhone = Debug|iPhone
		Debug|iPhoneSimulator = Debug|iPhoneSimulator
		Debug|x64 = Debug|x64
		Debug|x86 = Debug|x86
		Release|Any CPU = Release|Any CPU
		Release|ARM = Release|ARM
		Release|iPhone = Release|iPhone
		Release|iPhoneSimulator = Release|iPhoneSimulator
		Release|x64 = Release|x64
		Release|x86 = Release|x86
	EndGlobalSection
	GlobalSection(ProjectConfigurationPlatforms) = postSolution
		{DE233DCF-462C-4CCA-9A6D-C08C0456CCA9}.Ad-Hoc|Any CPU.ActiveCfg = Release|Any CPU
		{DE233DCF-462C-4CCA-9A6D-C08C0456CCA9}.Ad-Hoc|Any CPU.Build.0 = Release|Any CPU
		{DE233DCF-462C-4CCA-9A6D-C08C0456CCA9}.Ad-Hoc|ARM.ActiveCfg = Release|Any CPU
		{DE233DCF-462C-4CCA-9A6D-C08C0456CCA9}.Ad-Hoc|ARM.Build.0 = Release|Any CPU
		{DE233DCF-462C-4CCA-9A6D-C08C0456CCA9}.Ad-Hoc|iPhone.ActiveCfg = Release|Any CPU
		{DE233DCF-462C-4CCA-9A6D-C08C0456CCA9}.Ad-Hoc|iPhone.Build.0 = Release|Any CPU
		{DE233DCF-462C-4CCA-9A6D-C08C0456CCA9}.Ad-Hoc|iPhoneSimulator.ActiveCfg = Release|Any CPU
		{DE233DCF-462C-4CCA-9A6D-C08C0456CCA9}.Ad-Hoc|iPhoneSimulator.Build.0 = Release|Any CPU
		{DE233DCF-462C-4CCA-9A6D-C08C0456CCA9}.Ad-Hoc|x64.ActiveCfg = Release|Any CPU
		{DE233DCF-462C-4CCA-9A6D-C08C0456CCA9}.Ad-Hoc|x64.Build.0 = Release|Any CPU
		{DE233DCF-462C-4CCA-9A6D-C08C0456CCA9}.Ad-Hoc|x86.ActiveCfg = Release|Any CPU
		{DE233DCF-462C-4CCA-9A6D-C08C0456CCA9}.Ad-Hoc|x86.Build.0 = Release|Any CPU
		{DE233DCF-462C-4CCA-9A6D-C08C0456CCA9}.AppStore|Any CPU.ActiveCfg = Release|Any CPU
		{DE233DCF-462C-4CCA-9A6D-C08C0456CCA9}.AppStore|Any CPU.Build.0 = Release|Any CPU
		{DE233DCF-462C-4CCA-9A6D-C08C0456CCA9}.AppStore|ARM.ActiveCfg = Release|Any CPU
		{DE233DCF-462C-4CCA-9A6D-C08C0456CCA9}.AppStore|ARM.Build.0 = Release|Any CPU
		{DE233DCF-462C-4CCA-9A6D-C08C0456CCA9}.AppStore|iPhone.ActiveCfg = Release|Any CPU
		{DE233DCF-462C-4CCA-9A6D-C08C0456CCA9}.AppStore|iPhone.Build.0 = Release|Any CPU
		{DE233DCF-462C-4CCA-9A6D-C08C0456CCA9}.AppStore|iPhoneSimulator.ActiveCfg = Release|Any CPU
		{DE233DCF-462C-4CCA-9A6D-C08C0456CCA9}.AppStore|iPhoneSimulator.Build.0 = Release|Any CPU
		{DE233DCF-462C-4CCA-9A6D-C08C0456CCA9}.AppStore|x64.ActiveCfg = Release|Any CPU
		{DE233DCF-462C-4CCA-9A6D-C08C0456CCA9}.AppStore|x64.Build.0 = Release|Any CPU
		{DE233DCF-462C-4CCA-9A6D-C08C0456CCA9}.AppStore|x86.ActiveCfg = Release|Any CPU
		{DE233DCF-462C-4CCA-9A6D-C08C0456CCA9}.AppStore|x86.Build.0 = Release|Any CPU
		{DE233DCF-462C-4CCA-9A6D-C08C0456CCA9}.Debug|Any CPU.ActiveCfg = Debug|Any CPU
		{DE233DCF-462C-4CCA-9A6D-C08C0456CCA9}.Debug|Any CPU.Build.0 = Debug|Any CPU
		{DE233DCF-462C-4CCA-9A6D-C08C0456CCA9}.Debug|ARM.ActiveCfg = Debug|Any CPU
		{DE233DCF-462C-4CCA-9A6D-C08C0456CCA9}.Debug|ARM.Build.0 = Debug|Any CPU
		{DE233DCF-462C-4CCA-9A6D-C08C0456CCA9}.Debug|iPhone.ActiveCfg = Debug|Any CPU
		{DE233DCF-462C-4CCA-9A6D-C08C0456CCA9}.Debug|iPhone.Build.0 = Debug|Any CPU
		{DE233DCF-462C-4CCA-9A6D-C08C0456CCA9}.Debug|iPhoneSimulator.ActiveCfg = Debug|Any CPU
		{DE233DCF-462C-4CCA-9A6D-C08C0456CCA9}.Debug|iPhoneSimulator.Build.0 = Debug|Any CPU
		{DE233DCF-462C-4CCA-9A6D-C08C0456CCA9}.Debug|x64.ActiveCfg = Debug|Any CPU
		{DE233DCF-462C-4CCA-9A6D-C08C0456CCA9}.Debug|x64.Build.0 = Debug|Any CPU
		{DE233DCF-462C-4CCA-9A6D-C08C0456CCA9}.Debug|x86.ActiveCfg = Debug|Any CPU
		{DE233DCF-462C-4CCA-9A6D-C08C0456CCA9}.Debug|x86.Build.0 = Debug|Any CPU
		{DE233DCF-462C-4CCA-9A6D-C08C0456CCA9}.Release|Any CPU.ActiveCfg = Release|Any CPU
		{DE233DCF-462C-4CCA-9A6D-C08C0456CCA9}.Release|Any CPU.Build.0 = Release|Any CPU
		{DE233DCF-462C-4CCA-9A6D-C08C0456CCA9}.Release|ARM.ActiveCfg = Release|Any CPU
		{DE233DCF-462C-4CCA-9A6D-C08C0456CCA9}.Release|ARM.Build.0 = Release|Any CPU
		{DE233DCF-462C-4CCA-9A6D-C08C0456CCA9}.Release|iPhone.ActiveCfg = Release|Any CPU
		{DE233DCF-462C-4CCA-9A6D-C08C0456CCA9}.Release|iPhone.Build.0 = Release|Any CPU
		{DE233DCF-462C-4CCA-9A6D-C08C0456CCA9}.Release|iPhoneSimulator.ActiveCfg = Release|Any CPU
		{DE233DCF-462C-4CCA-9A6D-C08C0456CCA9}.Release|iPhoneSimulator.Build.0 = Release|Any CPU
		{DE233DCF-462C-4CCA-9A6D-C08C0456CCA9}.Release|x64.ActiveCfg = Release|Any CPU
		{DE233DCF-462C-4CCA-9A6D-C08C0456CCA9}.Release|x64.Build.0 = Release|Any CPU
		{DE233DCF-462C-4CCA-9A6D-C08C0456CCA9}.Release|x86.ActiveCfg = Release|Any CPU
		{DE233DCF-462C-4CCA-9A6D-C08C0456CCA9}.Release|x86.Build.0 = Release|Any CPU
		{318F040E-05DA-4697-8903-ED00E28005AA}.Ad-Hoc|Any CPU.ActiveCfg = Release|Any CPU
		{318F040E-05DA-4697-8903-ED00E28005AA}.Ad-Hoc|Any CPU.Build.0 = Release|Any CPU
		{318F040E-05DA-4697-8903-ED00E28005AA}.Ad-Hoc|Any CPU.Deploy.0 = Release|Any CPU
		{318F040E-05DA-4697-8903-ED00E28005AA}.Ad-Hoc|ARM.ActiveCfg = Release|Any CPU
		{318F040E-05DA-4697-8903-ED00E28005AA}.Ad-Hoc|ARM.Build.0 = Release|Any CPU
		{318F040E-05DA-4697-8903-ED00E28005AA}.Ad-Hoc|ARM.Deploy.0 = Release|Any CPU
		{318F040E-05DA-4697-8903-ED00E28005AA}.Ad-Hoc|iPhone.ActiveCfg = Release|Any CPU
		{318F040E-05DA-4697-8903-ED00E28005AA}.Ad-Hoc|iPhone.Build.0 = Release|Any CPU
		{318F040E-05DA-4697-8903-ED00E28005AA}.Ad-Hoc|iPhone.Deploy.0 = Release|Any CPU
		{318F040E-05DA-4697-8903-ED00E28005AA}.Ad-Hoc|iPhoneSimulator.ActiveCfg = Release|Any CPU
		{318F040E-05DA-4697-8903-ED00E28005AA}.Ad-Hoc|iPhoneSimulator.Build.0 = Release|Any CPU
		{318F040E-05DA-4697-8903-ED00E28005AA}.Ad-Hoc|iPhoneSimulator.Deploy.0 = Release|Any CPU
		{318F040E-05DA-4697-8903-ED00E28005AA}.Ad-Hoc|x64.ActiveCfg = Release|Any CPU
		{318F040E-05DA-4697-8903-ED00E28005AA}.Ad-Hoc|x64.Build.0 = Release|Any CPU
		{318F040E-05DA-4697-8903-ED00E28005AA}.Ad-Hoc|x64.Deploy.0 = Release|Any CPU
		{318F040E-05DA-4697-8903-ED00E28005AA}.Ad-Hoc|x86.ActiveCfg = Release|Any CPU
		{318F040E-05DA-4697-8903-ED00E28005AA}.Ad-Hoc|x86.Build.0 = Release|Any CPU
		{318F040E-05DA-4697-8903-ED00E28005AA}.Ad-Hoc|x86.Deploy.0 = Release|Any CPU
		{318F040E-05DA-4697-8903-ED00E28005AA}.AppStore|Any CPU.ActiveCfg = Release|Any CPU
		{318F040E-05DA-4697-8903-ED00E28005AA}.AppStore|Any CPU.Build.0 = Release|Any CPU
		{318F040E-05DA-4697-8903-ED00E28005AA}.AppStore|Any CPU.Deploy.0 = Release|Any CPU
		{318F040E-05DA-4697-8903-ED00E28005AA}.AppStore|ARM.ActiveCfg = Release|Any CPU
		{318F040E-05DA-4697-8903-ED00E28005AA}.AppStore|ARM.Build.0 = Release|Any CPU
		{318F040E-05DA-4697-8903-ED00E28005AA}.AppStore|ARM.Deploy.0 = Release|Any CPU
		{318F040E-05DA-4697-8903-ED00E28005AA}.AppStore|iPhone.ActiveCfg = Release|Any CPU
		{318F040E-05DA-4697-8903-ED00E28005AA}.AppStore|iPhone.Build.0 = Release|Any CPU
		{318F040E-05DA-4697-8903-ED00E28005AA}.AppStore|iPhone.Deploy.0 = Release|Any CPU
		{318F040E-05DA-4697-8903-ED00E28005AA}.AppStore|iPhoneSimulator.ActiveCfg = Release|Any CPU
		{318F040E-05DA-4697-8903-ED00E28005AA}.AppStore|iPhoneSimulator.Build.0 = Release|Any CPU
		{318F040E-05DA-4697-8903-ED00E28005AA}.AppStore|iPhoneSimulator.Deploy.0 = Release|Any CPU
		{318F040E-05DA-4697-8903-ED00E28005AA}.AppStore|x64.ActiveCfg = Release|Any CPU
		{318F040E-05DA-4697-8903-ED00E28005AA}.AppStore|x64.Build.0 = Release|Any CPU
		{318F040E-05DA-4697-8903-ED00E28005AA}.AppStore|x64.Deploy.0 = Release|Any CPU
		{318F040E-05DA-4697-8903-ED00E28005AA}.AppStore|x86.ActiveCfg = Release|Any CPU
		{318F040E-05DA-4697-8903-ED00E28005AA}.AppStore|x86.Build.0 = Release|Any CPU
		{318F040E-05DA-4697-8903-ED00E28005AA}.AppStore|x86.Deploy.0 = Release|Any CPU
		{318F040E-05DA-4697-8903-ED00E28005AA}.Debug|Any CPU.ActiveCfg = Debug|Any CPU
		{318F040E-05DA-4697-8903-ED00E28005AA}.Debug|Any CPU.Build.0 = Debug|Any CPU
		{318F040E-05DA-4697-8903-ED00E28005AA}.Debug|Any CPU.Deploy.0 = Debug|Any CPU
		{318F040E-05DA-4697-8903-ED00E28005AA}.Debug|ARM.ActiveCfg = Debug|Any CPU
		{318F040E-05DA-4697-8903-ED00E28005AA}.Debug|ARM.Build.0 = Debug|Any CPU
		{318F040E-05DA-4697-8903-ED00E28005AA}.Debug|ARM.Deploy.0 = Debug|Any CPU
		{318F040E-05DA-4697-8903-ED00E28005AA}.Debug|iPhone.ActiveCfg = Debug|Any CPU
		{318F040E-05DA-4697-8903-ED00E28005AA}.Debug|iPhone.Build.0 = Debug|Any CPU
		{318F040E-05DA-4697-8903-ED00E28005AA}.Debug|iPhone.Deploy.0 = Debug|Any CPU
		{318F040E-05DA-4697-8903-ED00E28005AA}.Debug|iPhoneSimulator.ActiveCfg = Debug|Any CPU
		{318F040E-05DA-4697-8903-ED00E28005AA}.Debug|iPhoneSimulator.Build.0 = Debug|Any CPU
		{318F040E-05DA-4697-8903-ED00E28005AA}.Debug|iPhoneSimulator.Deploy.0 = Debug|Any CPU
		{318F040E-05DA-4697-8903-ED00E28005AA}.Debug|x64.ActiveCfg = Debug|Any CPU
		{318F040E-05DA-4697-8903-ED00E28005AA}.Debug|x64.Build.0 = Debug|Any CPU
		{318F040E-05DA-4697-8903-ED00E28005AA}.Debug|x64.Deploy.0 = Debug|Any CPU
		{318F040E-05DA-4697-8903-ED00E28005AA}.Debug|x86.ActiveCfg = Debug|Any CPU
		{318F040E-05DA-4697-8903-ED00E28005AA}.Debug|x86.Build.0 = Debug|Any CPU
		{318F040E-05DA-4697-8903-ED00E28005AA}.Debug|x86.Deploy.0 = Debug|Any CPU
		{318F040E-05DA-4697-8903-ED00E28005AA}.Release|Any CPU.ActiveCfg = Release|Any CPU
		{318F040E-05DA-4697-8903-ED00E28005AA}.Release|Any CPU.Build.0 = Release|Any CPU
		{318F040E-05DA-4697-8903-ED00E28005AA}.Release|Any CPU.Deploy.0 = Release|Any CPU
		{318F040E-05DA-4697-8903-ED00E28005AA}.Release|ARM.ActiveCfg = Release|Any CPU
		{318F040E-05DA-4697-8903-ED00E28005AA}.Release|ARM.Build.0 = Release|Any CPU
		{318F040E-05DA-4697-8903-ED00E28005AA}.Release|ARM.Deploy.0 = Release|Any CPU
		{318F040E-05DA-4697-8903-ED00E28005AA}.Release|iPhone.ActiveCfg = Release|Any CPU
		{318F040E-05DA-4697-8903-ED00E28005AA}.Release|iPhone.Build.0 = Release|Any CPU
		{318F040E-05DA-4697-8903-ED00E28005AA}.Release|iPhone.Deploy.0 = Release|Any CPU
		{318F040E-05DA-4697-8903-ED00E28005AA}.Release|iPhoneSimulator.ActiveCfg = Release|Any CPU
		{318F040E-05DA-4697-8903-ED00E28005AA}.Release|iPhoneSimulator.Build.0 = Release|Any CPU
		{318F040E-05DA-4697-8903-ED00E28005AA}.Release|iPhoneSimulator.Deploy.0 = Release|Any CPU
		{318F040E-05DA-4697-8903-ED00E28005AA}.Release|x64.ActiveCfg = Release|Any CPU
		{318F040E-05DA-4697-8903-ED00E28005AA}.Release|x64.Build.0 = Release|Any CPU
		{318F040E-05DA-4697-8903-ED00E28005AA}.Release|x64.Deploy.0 = Release|Any CPU
		{318F040E-05DA-4697-8903-ED00E28005AA}.Release|x86.ActiveCfg = Release|Any CPU
		{318F040E-05DA-4697-8903-ED00E28005AA}.Release|x86.Build.0 = Release|Any CPU
		{318F040E-05DA-4697-8903-ED00E28005AA}.Release|x86.Deploy.0 = Release|Any CPU
		{2D7CA5A8-BFDB-45A2-99B1-07A19BE7BE27}.Ad-Hoc|Any CPU.ActiveCfg = Ad-Hoc|iPhone
		{2D7CA5A8-BFDB-45A2-99B1-07A19BE7BE27}.Ad-Hoc|ARM.ActiveCfg = Ad-Hoc|iPhone
		{2D7CA5A8-BFDB-45A2-99B1-07A19BE7BE27}.Ad-Hoc|iPhone.ActiveCfg = Ad-Hoc|iPhone
		{2D7CA5A8-BFDB-45A2-99B1-07A19BE7BE27}.Ad-Hoc|iPhone.Build.0 = Ad-Hoc|iPhone
		{2D7CA5A8-BFDB-45A2-99B1-07A19BE7BE27}.Ad-Hoc|iPhoneSimulator.ActiveCfg = Ad-Hoc|iPhoneSimulator
		{2D7CA5A8-BFDB-45A2-99B1-07A19BE7BE27}.Ad-Hoc|iPhoneSimulator.Build.0 = Ad-Hoc|iPhoneSimulator
		{2D7CA5A8-BFDB-45A2-99B1-07A19BE7BE27}.Ad-Hoc|x64.ActiveCfg = Ad-Hoc|iPhone
		{2D7CA5A8-BFDB-45A2-99B1-07A19BE7BE27}.Ad-Hoc|x86.ActiveCfg = Ad-Hoc|iPhone
		{2D7CA5A8-BFDB-45A2-99B1-07A19BE7BE27}.AppStore|Any CPU.ActiveCfg = AppStore|iPhone
		{2D7CA5A8-BFDB-45A2-99B1-07A19BE7BE27}.AppStore|ARM.ActiveCfg = AppStore|iPhone
		{2D7CA5A8-BFDB-45A2-99B1-07A19BE7BE27}.AppStore|iPhone.ActiveCfg = AppStore|iPhone
		{2D7CA5A8-BFDB-45A2-99B1-07A19BE7BE27}.AppStore|iPhone.Build.0 = AppStore|iPhone
		{2D7CA5A8-BFDB-45A2-99B1-07A19BE7BE27}.AppStore|iPhoneSimulator.ActiveCfg = AppStore|iPhoneSimulator
		{2D7CA5A8-BFDB-45A2-99B1-07A19BE7BE27}.AppStore|iPhoneSimulator.Build.0 = AppStore|iPhoneSimulator
		{2D7CA5A8-BFDB-45A2-99B1-07A19BE7BE27}.AppStore|x64.ActiveCfg = AppStore|iPhone
		{2D7CA5A8-BFDB-45A2-99B1-07A19BE7BE27}.AppStore|x86.ActiveCfg = AppStore|iPhone
		{2D7CA5A8-BFDB-45A2-99B1-07A19BE7BE27}.Debug|Any CPU.ActiveCfg = Debug|iPhone
		{2D7CA5A8-BFDB-45A2-99B1-07A19BE7BE27}.Debug|ARM.ActiveCfg = Debug|iPhone
		{2D7CA5A8-BFDB-45A2-99B1-07A19BE7BE27}.Debug|iPhone.ActiveCfg = Debug|iPhone
		{2D7CA5A8-BFDB-45A2-99B1-07A19BE7BE27}.Debug|iPhone.Build.0 = Debug|iPhone
		{2D7CA5A8-BFDB-45A2-99B1-07A19BE7BE27}.Debug|iPhoneSimulator.ActiveCfg = Debug|iPhoneSimulator
		{2D7CA5A8-BFDB-45A2-99B1-07A19BE7BE27}.Debug|iPhoneSimulator.Build.0 = Debug|iPhoneSimulator
		{2D7CA5A8-BFDB-45A2-99B1-07A19BE7BE27}.Debug|x64.ActiveCfg = Debug|iPhone
		{2D7CA5A8-BFDB-45A2-99B1-07A19BE7BE27}.Debug|x86.ActiveCfg = Debug|iPhone
		{2D7CA5A8-BFDB-45A2-99B1-07A19BE7BE27}.Release|Any CPU.ActiveCfg = Release|iPhone
		{2D7CA5A8-BFDB-45A2-99B1-07A19BE7BE27}.Release|ARM.ActiveCfg = Release|iPhone
		{2D7CA5A8-BFDB-45A2-99B1-07A19BE7BE27}.Release|iPhone.ActiveCfg = Release|iPhone
		{2D7CA5A8-BFDB-45A2-99B1-07A19BE7BE27}.Release|iPhone.Build.0 = Release|iPhone
		{2D7CA5A8-BFDB-45A2-99B1-07A19BE7BE27}.Release|iPhoneSimulator.ActiveCfg = Release|iPhoneSimulator
		{2D7CA5A8-BFDB-45A2-99B1-07A19BE7BE27}.Release|iPhoneSimulator.Build.0 = Release|iPhoneSimulator
		{2D7CA5A8-BFDB-45A2-99B1-07A19BE7BE27}.Release|x64.ActiveCfg = Release|iPhone
		{2D7CA5A8-BFDB-45A2-99B1-07A19BE7BE27}.Release|x86.ActiveCfg = Release|iPhone
		{90518DD3-D882-4F20-A4EF-5148193B2359}.Ad-Hoc|Any CPU.ActiveCfg = Release|x86
		{90518DD3-D882-4F20-A4EF-5148193B2359}.Ad-Hoc|Any CPU.Build.0 = Release|x86
		{90518DD3-D882-4F20-A4EF-5148193B2359}.Ad-Hoc|Any CPU.Deploy.0 = Release|x86
		{90518DD3-D882-4F20-A4EF-5148193B2359}.Ad-Hoc|ARM.ActiveCfg = Release|ARM
		{90518DD3-D882-4F20-A4EF-5148193B2359}.Ad-Hoc|ARM.Build.0 = Release|ARM
		{90518DD3-D882-4F20-A4EF-5148193B2359}.Ad-Hoc|ARM.Deploy.0 = Release|ARM
		{90518DD3-D882-4F20-A4EF-5148193B2359}.Ad-Hoc|iPhone.ActiveCfg = Release|x86
		{90518DD3-D882-4F20-A4EF-5148193B2359}.Ad-Hoc|iPhone.Build.0 = Release|x86
		{90518DD3-D882-4F20-A4EF-5148193B2359}.Ad-Hoc|iPhone.Deploy.0 = Release|x86
		{90518DD3-D882-4F20-A4EF-5148193B2359}.Ad-Hoc|iPhoneSimulator.ActiveCfg = Release|x86
		{90518DD3-D882-4F20-A4EF-5148193B2359}.Ad-Hoc|iPhoneSimulator.Build.0 = Release|x86
		{90518DD3-D882-4F20-A4EF-5148193B2359}.Ad-Hoc|iPhoneSimulator.Deploy.0 = Release|x86
		{90518DD3-D882-4F20-A4EF-5148193B2359}.Ad-Hoc|x64.ActiveCfg = Release|x64
		{90518DD3-D882-4F20-A4EF-5148193B2359}.Ad-Hoc|x64.Build.0 = Release|x64
		{90518DD3-D882-4F20-A4EF-5148193B2359}.Ad-Hoc|x64.Deploy.0 = Release|x64
		{90518DD3-D882-4F20-A4EF-5148193B2359}.Ad-Hoc|x86.ActiveCfg = Release|x86
		{90518DD3-D882-4F20-A4EF-5148193B2359}.Ad-Hoc|x86.Build.0 = Release|x86
		{90518DD3-D882-4F20-A4EF-5148193B2359}.Ad-Hoc|x86.Deploy.0 = Release|x86
		{90518DD3-D882-4F20-A4EF-5148193B2359}.AppStore|Any CPU.ActiveCfg = Release|x86
		{90518DD3-D882-4F20-A4EF-5148193B2359}.AppStore|Any CPU.Build.0 = Release|x86
		{90518DD3-D882-4F20-A4EF-5148193B2359}.AppStore|Any CPU.Deploy.0 = Release|x86
		{90518DD3-D882-4F20-A4EF-5148193B2359}.AppStore|ARM.ActiveCfg = Release|ARM
		{90518DD3-D882-4F20-A4EF-5148193B2359}.AppStore|ARM.Build.0 = Release|ARM
		{90518DD3-D882-4F20-A4EF-5148193B2359}.AppStore|ARM.Deploy.0 = Release|ARM
		{90518DD3-D882-4F20-A4EF-5148193B2359}.AppStore|iPhone.ActiveCfg = Release|x86
		{90518DD3-D882-4F20-A4EF-5148193B2359}.AppStore|iPhone.Build.0 = Release|x86
		{90518DD3-D882-4F20-A4EF-5148193B2359}.AppStore|iPhone.Deploy.0 = Release|x86
		{90518DD3-D882-4F20-A4EF-5148193B2359}.AppStore|iPhoneSimulator.ActiveCfg = Release|x86
		{90518DD3-D882-4F20-A4EF-5148193B2359}.AppStore|iPhoneSimulator.Build.0 = Release|x86
		{90518DD3-D882-4F20-A4EF-5148193B2359}.AppStore|iPhoneSimulator.Deploy.0 = Release|x86
		{90518DD3-D882-4F20-A4EF-5148193B2359}.AppStore|x64.ActiveCfg = Release|x64
		{90518DD3-D882-4F20-A4EF-5148193B2359}.AppStore|x64.Build.0 = Release|x64
		{90518DD3-D882-4F20-A4EF-5148193B2359}.AppStore|x64.Deploy.0 = Release|x64
		{90518DD3-D882-4F20-A4EF-5148193B2359}.AppStore|x86.ActiveCfg = Release|x86
		{90518DD3-D882-4F20-A4EF-5148193B2359}.AppStore|x86.Build.0 = Release|x86
		{90518DD3-D882-4F20-A4EF-5148193B2359}.AppStore|x86.Deploy.0 = Release|x86
		{90518DD3-D882-4F20-A4EF-5148193B2359}.Debug|Any CPU.ActiveCfg = Debug|x86
		{90518DD3-D882-4F20-A4EF-5148193B2359}.Debug|ARM.ActiveCfg = Debug|ARM
		{90518DD3-D882-4F20-A4EF-5148193B2359}.Debug|ARM.Build.0 = Debug|ARM
		{90518DD3-D882-4F20-A4EF-5148193B2359}.Debug|ARM.Deploy.0 = Debug|ARM
		{90518DD3-D882-4F20-A4EF-5148193B2359}.Debug|iPhone.ActiveCfg = Debug|x86
		{90518DD3-D882-4F20-A4EF-5148193B2359}.Debug|iPhoneSimulator.ActiveCfg = Debug|x86
		{90518DD3-D882-4F20-A4EF-5148193B2359}.Debug|x64.ActiveCfg = Debug|x64
		{90518DD3-D882-4F20-A4EF-5148193B2359}.Debug|x64.Build.0 = Debug|x64
		{90518DD3-D882-4F20-A4EF-5148193B2359}.Debug|x64.Deploy.0 = Debug|x64
		{90518DD3-D882-4F20-A4EF-5148193B2359}.Debug|x86.ActiveCfg = Debug|x86
		{90518DD3-D882-4F20-A4EF-5148193B2359}.Debug|x86.Build.0 = Debug|x86
		{90518DD3-D882-4F20-A4EF-5148193B2359}.Debug|x86.Deploy.0 = Debug|x86
		{90518DD3-D882-4F20-A4EF-5148193B2359}.Release|Any CPU.ActiveCfg = Release|x86
		{90518DD3-D882-4F20-A4EF-5148193B2359}.Release|ARM.ActiveCfg = Release|ARM
		{90518DD3-D882-4F20-A4EF-5148193B2359}.Release|ARM.Build.0 = Release|ARM
		{90518DD3-D882-4F20-A4EF-5148193B2359}.Release|ARM.Deploy.0 = Release|ARM
		{90518DD3-D882-4F20-A4EF-5148193B2359}.Release|iPhone.ActiveCfg = Release|x86
		{90518DD3-D882-4F20-A4EF-5148193B2359}.Release|iPhoneSimulator.ActiveCfg = Release|x86
		{90518DD3-D882-4F20-A4EF-5148193B2359}.Release|x64.ActiveCfg = Release|x64
		{90518DD3-D882-4F20-A4EF-5148193B2359}.Release|x64.Build.0 = Release|x64
		{90518DD3-D882-4F20-A4EF-5148193B2359}.Release|x64.Deploy.0 = Release|x64
		{90518DD3-D882-4F20-A4EF-5148193B2359}.Release|x86.ActiveCfg = Release|x86
		{90518DD3-D882-4F20-A4EF-5148193B2359}.Release|x86.Build.0 = Release|x86
		{90518DD3-D882-4F20-A4EF-5148193B2359}.Release|x86.Deploy.0 = Release|x86
		{A524BD62-FBB3-42CA-B425-B2D79FC75355}.Ad-Hoc|Any CPU.ActiveCfg = Release|Any CPU
		{A524BD62-FBB3-42CA-B425-B2D79FC75355}.Ad-Hoc|Any CPU.Build.0 = Release|Any CPU
		{A524BD62-FBB3-42CA-B425-B2D79FC75355}.Ad-Hoc|ARM.ActiveCfg = Release|Any CPU
		{A524BD62-FBB3-42CA-B425-B2D79FC75355}.Ad-Hoc|ARM.Build.0 = Release|Any CPU
		{A524BD62-FBB3-42CA-B425-B2D79FC75355}.Ad-Hoc|iPhone.ActiveCfg = Release|Any CPU
		{A524BD62-FBB3-42CA-B425-B2D79FC75355}.Ad-Hoc|iPhone.Build.0 = Release|Any CPU
		{A524BD62-FBB3-42CA-B425-B2D79FC75355}.Ad-Hoc|iPhoneSimulator.ActiveCfg = Release|Any CPU
		{A524BD62-FBB3-42CA-B425-B2D79FC75355}.Ad-Hoc|iPhoneSimulator.Build.0 = Release|Any CPU
		{A524BD62-FBB3-42CA-B425-B2D79FC75355}.Ad-Hoc|x64.ActiveCfg = Release|Any CPU
		{A524BD62-FBB3-42CA-B425-B2D79FC75355}.Ad-Hoc|x64.Build.0 = Release|Any CPU
		{A524BD62-FBB3-42CA-B425-B2D79FC75355}.Ad-Hoc|x86.ActiveCfg = Release|Any CPU
		{A524BD62-FBB3-42CA-B425-B2D79FC75355}.Ad-Hoc|x86.Build.0 = Release|Any CPU
		{A524BD62-FBB3-42CA-B425-B2D79FC75355}.AppStore|Any CPU.ActiveCfg = Release|Any CPU
		{A524BD62-FBB3-42CA-B425-B2D79FC75355}.AppStore|Any CPU.Build.0 = Release|Any CPU
		{A524BD62-FBB3-42CA-B425-B2D79FC75355}.AppStore|ARM.ActiveCfg = Release|Any CPU
		{A524BD62-FBB3-42CA-B425-B2D79FC75355}.AppStore|ARM.Build.0 = Release|Any CPU
		{A524BD62-FBB3-42CA-B425-B2D79FC75355}.AppStore|iPhone.ActiveCfg = Release|Any CPU
		{A524BD62-FBB3-42CA-B425-B2D79FC75355}.AppStore|iPhone.Build.0 = Release|Any CPU
		{A524BD62-FBB3-42CA-B425-B2D79FC75355}.AppStore|iPhoneSimulator.ActiveCfg = Release|Any CPU
		{A524BD62-FBB3-42CA-B425-B2D79FC75355}.AppStore|iPhoneSimulator.Build.0 = Release|Any CPU
		{A524BD62-FBB3-42CA-B425-B2D79FC75355}.AppStore|x64.ActiveCfg = Release|Any CPU
		{A524BD62-FBB3-42CA-B425-B2D79FC75355}.AppStore|x64.Build.0 = Release|Any CPU
		{A524BD62-FBB3-42CA-B425-B2D79FC75355}.AppStore|x86.ActiveCfg = Release|Any CPU
		{A524BD62-FBB3-42CA-B425-B2D79FC75355}.AppStore|x86.Build.0 = Release|Any CPU
		{A524BD62-FBB3-42CA-B425-B2D79FC75355}.Debug|Any CPU.ActiveCfg = Debug|Any CPU
		{A524BD62-FBB3-42CA-B425-B2D79FC75355}.Debug|Any CPU.Build.0 = Debug|Any CPU
		{A524BD62-FBB3-42CA-B425-B2D79FC75355}.Debug|ARM.ActiveCfg = Debug|Any CPU
		{A524BD62-FBB3-42CA-B425-B2D79FC75355}.Debug|ARM.Build.0 = Debug|Any CPU
		{A524BD62-FBB3-42CA-B425-B2D79FC75355}.Debug|iPhone.ActiveCfg = Debug|Any CPU
		{A524BD62-FBB3-42CA-B425-B2D79FC75355}.Debug|iPhone.Build.0 = Debug|Any CPU
		{A524BD62-FBB3-42CA-B425-B2D79FC75355}.Debug|iPhoneSimulator.ActiveCfg = Debug|Any CPU
		{A524BD62-FBB3-42CA-B425-B2D79FC75355}.Debug|iPhoneSimulator.Build.0 = Debug|Any CPU
		{A524BD62-FBB3-42CA-B425-B2D79FC75355}.Debug|x64.ActiveCfg = Debug|Any CPU
		{A524BD62-FBB3-42CA-B425-B2D79FC75355}.Debug|x64.Build.0 = Debug|Any CPU
		{A524BD62-FBB3-42CA-B425-B2D79FC75355}.Debug|x86.ActiveCfg = Debug|Any CPU
		{A524BD62-FBB3-42CA-B425-B2D79FC75355}.Debug|x86.Build.0 = Debug|Any CPU
		{A524BD62-FBB3-42CA-B425-B2D79FC75355}.Release|Any CPU.ActiveCfg = Release|Any CPU
		{A524BD62-FBB3-42CA-B425-B2D79FC75355}.Release|Any CPU.Build.0 = Release|Any CPU
		{A524BD62-FBB3-42CA-B425-B2D79FC75355}.Release|ARM.ActiveCfg = Release|Any CPU
		{A524BD62-FBB3-42CA-B425-B2D79FC75355}.Release|ARM.Build.0 = Release|Any CPU
		{A524BD62-FBB3-42CA-B425-B2D79FC75355}.Release|iPhone.ActiveCfg = Release|Any CPU
		{A524BD62-FBB3-42CA-B425-B2D79FC75355}.Release|iPhone.Build.0 = Release|Any CPU
		{A524BD62-FBB3-42CA-B425-B2D79FC75355}.Release|iPhoneSimulator.ActiveCfg = Release|Any CPU
		{A524BD62-FBB3-42CA-B425-B2D79FC75355}.Release|iPhoneSimulator.Build.0 = Release|Any CPU
		{A524BD62-FBB3-42CA-B425-B2D79FC75355}.Release|x64.ActiveCfg = Release|Any CPU
		{A524BD62-FBB3-42CA-B425-B2D79FC75355}.Release|x64.Build.0 = Release|Any CPU
		{A524BD62-FBB3-42CA-B425-B2D79FC75355}.Release|x86.ActiveCfg = Release|Any CPU
		{A524BD62-FBB3-42CA-B425-B2D79FC75355}.Release|x86.Build.0 = Release|Any CPU
	EndGlobalSection
	GlobalSection(SolutionProperties) = preSolution
		HideSolutionNode = FALSE
	EndGlobalSection
EndGlobal
